
Microsoft Visual Studio Solution File, Format Version 12.00
# Visual Studio Version 17
VisualStudioVersion = 17.10.34928.147
MinimumVisualStudioVersion = 10.0.40219.1
Project("{9A19103F-16F7-4668-BE54-9A1E7A4F7556}") = "S.U.TI", "S.U.TI\S.U.TI.csproj", "{6F743873-AD1F-4E78-9873-C93E8F7C0950}"
EndProject
Global
	GlobalSection(SolutionConfigurationPlatforms) = preSolution
		Debug|Any CPU = Debug|Any CPU
		Release|Any CPU = Release|Any CPU
	EndGlobalSection
	GlobalSection(ProjectConfigurationPlatforms) = postSolution
		{6F743873-AD1F-4E78-9873-C93E8F7C0950}.Debug|Any CPU.ActiveCfg = Debug|Any CPU
		{6F743873-AD1F-4E78-9873-C93E8F7C0950}.Debug|Any CPU.Build.0 = Debug|Any CPU
		{6F743873-AD1F-4E78-9873-C93E8F7C0950}.Release|Any CPU.ActiveCfg = Release|Any CPU
		{6F743873-AD1F-4E78-9873-C93E8F7C0950}.Release|Any CPU.Build.0 = Release|Any CPU
	EndGlobalSection
	GlobalSection(SolutionProperties) = preSolution
		HideSolutionNode = FALSE
	EndGlobalSection
	GlobalSection(ExtensibilityGlobals) = postSolution
		SolutionGuid = {DE2952F5-5876-437E-8872-944ED243E4FC}
	EndGlobalSection
EndGlobal
